// !$*UTF8*$!
{
	archiveVersion = 1;
	classes = {
	};
	objectVersion = 55;
	objects = {

/* Begin PBXBuildFile section */
		CA185790284CBF850074D89C /* AppDelegate.swift in Sources */ = {isa = PBXBuildFile; fileRef = CA18578F284CBF850074D89C /* AppDelegate.swift */; };
		CA185792284CBF850074D89C /* SceneDelegate.swift in Sources */ = {isa = PBXBuildFile; fileRef = CA185791284CBF850074D89C /* SceneDelegate.swift */; };
		CA185794284CBF850074D89C /* InputFormViewController.swift in Sources */ = {isa = PBXBuildFile; fileRef = CA185793284CBF850074D89C /* InputFormViewController.swift */; };
		CA185799284CBF860074D89C /* Assets.xcassets in Resources */ = {isa = PBXBuildFile; fileRef = CA185798284CBF860074D89C /* Assets.xcassets */; };
		CA18579C284CBF860074D89C /* LaunchScreen.storyboard in Resources */ = {isa = PBXBuildFile; fileRef = CA18579A284CBF860074D89C /* LaunchScreen.storyboard */; };
		CA1857A4284CCC880074D89C /* CustomCellForForm.swift in Sources */ = {isa = PBXBuildFile; fileRef = CA1857A3284CCC880074D89C /* CustomCellForForm.swift */; };
		CA1857A6284CDE8B0074D89C /* CustomCellForButtons.swift in Sources */ = {isa = PBXBuildFile; fileRef = CA1857A5284CDE8B0074D89C /* CustomCellForButtons.swift */; };
		CA1857A8284D0F6C0074D89C /* detailViewController.swift in Sources */ = {isa = PBXBuildFile; fileRef = CA1857A7284D0F6C0074D89C /* detailViewController.swift */; };
		CA1857AA284D14E90074D89C /* global.swift in Sources */ = {isa = PBXBuildFile; fileRef = CA1857A9284D14E90074D89C /* global.swift */; };
		CADFF3AB284DD7080026C782 /* CustomCellForDetail.swift in Sources */ = {isa = PBXBuildFile; fileRef = CADFF3AA284DD7080026C782 /* CustomCellForDetail.swift */; };
		CADFF3AD284E0C6C0026C782 /* CustomCellForAllUser.swift in Sources */ = {isa = PBXBuildFile; fileRef = CADFF3AC284E0C6C0026C782 /* CustomCellForAllUser.swift */; };
		CADFF3AF284E12330026C782 /* AllUsersViewController.swift in Sources */ = {isa = PBXBuildFile; fileRef = CADFF3AE284E12330026C782 /* AllUsersViewController.swift */; };
/* End PBXBuildFile section */

/* Begin PBXFileReference section */
		CA18578C284CBF850074D89C /* sampleProject.app */ = {isa = PBXFileReference; explicitFileType = wrapper.application; includeInIndex = 0; path = sampleProject.app; sourceTree = BUILT_PRODUCTS_DIR; };
		CA18578F284CBF850074D89C /* AppDelegate.swift */ = {isa = PBXFileReference; lastKnownFileType = sourcecode.swift; path = AppDelegate.swift; sourceTree = "<group>"; };
		CA185791284CBF850074D89C /* SceneDelegate.swift */ = {isa = PBXFileReference; lastKnownFileType = sourcecode.swift; path = SceneDelegate.swift; sourceTree = "<group>"; };
		CA185793284CBF850074D89C /* InputFormViewController.swift */ = {isa = PBXFileReference; lastKnownFileType = sourcecode.swift; path = InputFormViewController.swift; sourceTree = "<group>"; };
		CA185798284CBF860074D89C /* Assets.xcassets */ = {isa = PBXFileReference; lastKnownFileType = folder.assetcatalog; path = Assets.xcassets; sourceTree = "<group>"; };
		CA18579B284CBF860074D89C /* Base */ = {isa = PBXFileReference; lastKnownFileType = file.storyboard; name = Base; path = Base.lproj/LaunchScreen.storyboard; sourceTree = "<group>"; };
		CA18579D284CBF860074D89C /* Info.plist */ = {isa = PBXFileReference; lastKnownFileType = text.plist.xml; path = Info.plist; sourceTree = "<group>"; };
		CA1857A3284CCC880074D89C /* CustomCellForForm.swift */ = {isa = PBXFileReference; lastKnownFileType = sourcecode.swift; path = CustomCellForForm.swift; sourceTree = "<group>"; };
		CA1857A5284CDE8B0074D89C /* CustomCellForButtons.swift */ = {isa = PBXFileReference; lastKnownFileType = sourcecode.swift; path = CustomCellForButtons.swift; sourceTree = "<group>"; };
		CA1857A7284D0F6C0074D89C /* detailViewController.swift */ = {isa = PBXFileReference; lastKnownFileType = sourcecode.swift; path = detailViewController.swift; sourceTree = "<group>"; };
		CA1857A9284D14E90074D89C /* global.swift */ = {isa = PBXFileReference; lastKnownFileType = sourcecode.swift; path = global.swift; sourceTree = "<group>"; };
		CADFF3AA284DD7080026C782 /* CustomCellForDetail.swift */ = {isa = PBXFileReference; lastKnownFileType = sourcecode.swift; path = CustomCellForDetail.swift; sourceTree = "<group>"; };
		CADFF3AC284E0C6C0026C782 /* CustomCellForAllUser.swift */ = {isa = PBXFileReference; lastKnownFileType = sourcecode.swift; path = CustomCellForAllUser.swift; sourceTree = "<group>"; };
		CADFF3AE284E12330026C782 /* AllUsersViewController.swift */ = {isa = PBXFileReference; lastKnownFileType = sourcecode.swift; path = AllUsersViewController.swift; sourceTree = "<group>"; };
/* End PBXFileReference section */

/* Begin PBXFrameworksBuildPhase section */
		CA185789284CBF850074D89C /* Frameworks */ = {
			isa = PBXFrameworksBuildPhase;
			buildActionMask = 2147483647;
			files = (
			);
			runOnlyForDeploymentPostprocessing = 0;
		};
/* End PBXFrameworksBuildPhase section */

/* Begin PBXGroup section */
		CA1218462850850800D0DA36 /* customCells */ = {
			isa = PBXGroup;
			children = (
				CADFF3AC284E0C6C0026C782 /* CustomCellForAllUser.swift */,
				CADFF3AA284DD7080026C782 /* CustomCellForDetail.swift */,
				CA1857A5284CDE8B0074D89C /* CustomCellForButtons.swift */,
				CA1857A3284CCC880074D89C /* CustomCellForForm.swift */,
			);
			path = customCells;
			sourceTree = "<group>";
		};
		CA1218472850858700D0DA36 /* ViewControllers */ = {
			isa = PBXGroup;
			children = (
				CA185793284CBF850074D89C /* InputFormViewController.swift */,
				CA1857A7284D0F6C0074D89C /* detailViewController.swift */,
				CADFF3AE284E12330026C782 /* AllUsersViewController.swift */,
			);
			path = ViewControllers;
			sourceTree = "<group>";
		};
		CA185783284CBF850074D89C = {
			isa = PBXGroup;
			children = (
				CA18578E284CBF850074D89C /* sampleProject */,
				CA18578D284CBF850074D89C /* Products */,
			);
			sourceTree = "<group>";
		};
		CA18578D284CBF850074D89C /* Products */ = {
			isa = PBXGroup;
			children = (
				CA18578C284CBF850074D89C /* sampleProject.app */,
			);
			name = Products;
			sourceTree = "<group>";
		};
		CA18578E284CBF850074D89C /* sampleProject */ = {
			isa = PBXGroup;
			children = (
				CA1857A9284D14E90074D89C /* global.swift */,
				CA18578F284CBF850074D89C /* AppDelegate.swift */,
				CA185791284CBF850074D89C /* SceneDelegate.swift */,
				CA1218472850858700D0DA36 /* ViewControllers */,
				CA1218462850850800D0DA36 /* customCells */,
				CA185798284CBF860074D89C /* Assets.xcassets */,
				CA18579A284CBF860074D89C /* LaunchScreen.storyboard */,
				CA18579D284CBF860074D89C /* Info.plist */,
			);
			path = sampleProject;
			sourceTree = "<group>";
		};
/* End PBXGroup section */

/* Begin PBXNativeTarget section */
		CA18578B284CBF850074D89C /* sampleProject */ = {
			isa = PBXNativeTarget;
			buildConfigurationList = CA1857A0284CBF860074D89C /* Build configuration list for PBXNativeTarget "sampleProject" */;
			buildPhases = (
				CA185788284CBF850074D89C /* Sources */,
				CA185789284CBF850074D89C /* Frameworks */,
				CA18578A284CBF850074D89C /* Resources */,
			);
			buildRules = (
			);
			dependencies = (
			);
			name = sampleProject;
			productName = sampleProject;
			productReference = CA18578C284CBF850074D89C /* sampleProject.app */;
			productType = "com.apple.product-type.application";
		};
/* End PBXNativeTarget section */

/* Begin PBXProject section */
		CA185784284CBF850074D89C /* Project object */ = {
			isa = PBXProject;
			attributes = {
				BuildIndependentTargetsInParallel = 1;
				LastSwiftUpdateCheck = 1340;
				LastUpgradeCheck = 1340;
				TargetAttributes = {
					CA18578B284CBF850074D89C = {
						CreatedOnToolsVersion = 13.4;
					};
				};
			};
			buildConfigurationList = CA185787284CBF850074D89C /* Build configuration list for PBXProject "sampleProject" */;
			compatibilityVersion = "Xcode 13.0";
			developmentRegion = en;
			hasScannedForEncodings = 0;
			knownRegions = (
				en,
				Base,
			);
			mainGroup = CA185783284CBF850074D89C;
			productRefGroup = CA18578D284CBF850074D89C /* Products */;
			projectDirPath = "";
			projectRoot = "";
			targets = (
				CA18578B284CBF850074D89C /* sampleProject */,
			);
		};
/* End PBXProject section */

/* Begin PBXResourcesBuildPhase section */
		CA18578A284CBF850074D89C /* Resources */ = {
			isa = PBXResourcesBuildPhase;
			buildActionMask = 2147483647;
			files = (
				CA18579C284CBF860074D89C /* LaunchScreen.storyboard in Resources */,
				CA185799284CBF860074D89C /* Assets.xcassets in Resources */,
			);
			runOnlyForDeploymentPostprocessing = 0;
		};
/* End PBXResourcesBuildPhase section */

/* Begin PBXSourcesBuildPhase section */
		CA185788284CBF850074D89C /* Sources */ = {
			isa = PBXSourcesBuildPhase;
			buildActionMask = 2147483647;
			files = (
				CA1857AA284D14E90074D89C /* global.swift in Sources */,
				CADFF3AB284DD7080026C782 /* CustomCellForDetail.swift in Sources */,
				CA1857A6284CDE8B0074D89C /* CustomCellForButtons.swift in Sources */,
				CADFF3AD284E0C6C0026C782 /* CustomCellForAllUser.swift in Sources */,
				CA185794284CBF850074D89C /* InputFormViewController.swift in Sources */,
				CADFF3AF284E12330026C782 /* AllUsersViewController.swift in Sources */,
				CA185790284CBF850074D89C /* AppDelegate.swift in Sources */,
				CA1857A4284CCC880074D89C /* CustomCellForForm.swift in Sources */,
				CA185792284CBF850074D89C /* SceneDelegate.swift in Sources */,
				CA1857A8284D0F6C0074D89C /* detailViewController.swift in Sources */,
			);
			runOnlyForDeploymentPostprocessing = 0;
		};
/* End PBXSourcesBuildPhase section */

/* Begin PBXVariantGroup section */
		CA18579A284CBF860074D89C /* LaunchScreen.storyboard */ = {
			isa = PBXVariantGroup;
			children = (
				CA18579B284CBF860074D89C /* Base */,
			);
			name = LaunchScreen.storyboard;
			sourceTree = "<group>";
		};
/* End PBXVariantGroup section */

/* Begin XCBuildConfiguration section */
		CA18579E284CBF860074D89C /* Debug */ = {
			isa = XCBuildConfiguration;
			buildSettings = {
				ALWAYS_SEARCH_USER_PATHS = NO;
				CLANG_ANALYZER_NONNULL = YES;
				CLANG_ANALYZER_NUMBER_OBJECT_CONVERSION = YES_AGGRESSIVE;
				CLANG_CXX_LANGUAGE_STANDARD = "gnu++17";
				CLANG_ENABLE_MODULES = YES;
				CLANG_ENABLE_OBJC_ARC = YES;
				CLANG_ENABLE_OBJC_WEAK = YES;
				CLANG_WARN_BLOCK_CAPTURE_AUTORELEASING = YES;
				CLANG_WARN_BOOL_CONVERSION = YES;
				CLANG_WARN_COMMA = YES;
				CLANG_WARN_CONSTANT_CONVERSION = YES;
				CLANG_WARN_DEPRECATED_OBJC_IMPLEMENTATIONS = YES;
				CLANG_WARN_DIRECT_OBJC_ISA_USAGE = YES_ERROR;
				CLANG_WARN_DOCUMENTATION_COMMENTS = YES;
				CLANG_WARN_EMPTY_BODY = YES;
				CLANG_WARN_ENUM_CONVERSION = YES;
				CLANG_WARN_INFINITE_RECURSION = YES;
				CLANG_WARN_INT_CONVERSION = YES;
				CLANG_WARN_NON_LITERAL_NULL_CONVERSION = YES;
				CLANG_WARN_OBJC_IMPLICIT_RETAIN_SELF = YES;
				CLANG_WARN_OBJC_LITERAL_CONVERSION = YES;
				CLANG_WARN_OBJC_ROOT_CLASS = YES_ERROR;
				CLANG_WARN_QUOTED_INCLUDE_IN_FRAMEWORK_HEADER = YES;
				CLANG_WARN_RANGE_LOOP_ANALYSIS = YES;
				CLANG_WARN_STRICT_PROTOTYPES = YES;
				CLANG_WARN_SUSPICIOUS_MOVE = YES;
				CLANG_WARN_UNGUARDED_AVAILABILITY = YES_AGGRESSIVE;
				CLANG_WARN_UNREACHABLE_CODE = YES;
				CLANG_WARN__DUPLICATE_METHOD_MATCH = YES;
				COPY_PHASE_STRIP = NO;
				DEBUG_INFORMATION_FORMAT = dwarf;
				ENABLE_STRICT_OBJC_MSGSEND = YES;
				ENABLE_TESTABILITY = YES;
				GCC_C_LANGUAGE_STANDARD = gnu11;
				GCC_DYNAMIC_NO_PIC = NO;
				GCC_NO_COMMON_BLOCKS = YES;
				GCC_OPTIMIZATION_LEVEL = 0;
				GCC_PREPROCESSOR_DEFINITIONS = (
					"DEBUG=1",
					"$(inherited)",
				);
				GCC_WARN_64_TO_32_BIT_CONVERSION = YES;
				GCC_WARN_ABOUT_RETURN_TYPE = YES_ERROR;
				GCC_WARN_UNDECLARED_SELECTOR = YES;
				GCC_WARN_UNINITIALIZED_AUTOS = YES_AGGRESSIVE;
				GCC_WARN_UNUSED_FUNCTION = YES;
				GCC_WARN_UNUSED_VARIABLE = YES;
				IPHONEOS_DEPLOYMENT_TARGET = 15.5;
				MTL_ENABLE_DEBUG_INFO = INCLUDE_SOURCE;
				MTL_FAST_MATH = YES;
				ONLY_ACTIVE_ARCH = YES;
				SDKROOT = iphoneos;
				SWIFT_ACTIVE_COMPILATION_CONDITIONS = DEBUG;
				SWIFT_OPTIMIZATION_LEVEL = "-Onone";
			};
			name = Debug;
		};
		CA18579F284CBF860074D89C /* Release */ = {
			isa = XCBuildConfiguration;
			buildSettings = {
				ALWAYS_SEARCH_USER_PATHS = NO;
				CLANG_ANALYZER_NONNULL = YES;
				CLANG_ANALYZER_NUMBER_OBJECT_CONVERSION = YES_AGGRESSIVE;
				CLANG_CXX_LANGUAGE_STANDARD = "gnu++17";
				CLANG_ENABLE_MODULES = YES;
				CLANG_ENABLE_OBJC_ARC = YES;
				CLANG_ENABLE_OBJC_WEAK = YES;
				CLANG_WARN_BLOCK_CAPTURE_AUTORELEASING = YES;
				CLANG_WARN_BOOL_CONVERSION = YES;
				CLANG_WARN_COMMA = YES;
				CLANG_WARN_CONSTANT_CONVERSION = YES;
				CLANG_WARN_DEPRECATED_OBJC_IMPLEMENTATIONS = YES;
				CLANG_WARN_DIRECT_OBJC_ISA_USAGE = YES_ERROR;
				CLANG_WARN_DOCUMENTATION_COMMENTS = YES;
				CLANG_WARN_EMPTY_BODY = YES;
				CLANG_WARN_ENUM_CONVERSION = YES;
				CLANG_WARN_INFINITE_RECURSION = YES;
				CLANG_WARN_INT_CONVERSION = YES;
				CLANG_WARN_NON_LITERAL_NULL_CONVERSION = YES;
				CLANG_WARN_OBJC_IMPLICIT_RETAIN_SELF = YES;
				CLANG_WARN_OBJC_LITERAL_CONVERSION = YES;
				CLANG_WARN_OBJC_ROOT_CLASS = YES_ERROR;
				CLANG_WARN_QUOTED_INCLUDE_IN_FRAMEWORK_HEADER = YES;
				CLANG_WARN_RANGE_LOOP_ANALYSIS = YES;
				CLANG_WARN_STRICT_PROTOTYPES = YES;
				CLANG_WARN_SUSPICIOUS_MOVE = YES;
				CLANG_WARN_UNGUARDED_AVAILABILITY = YES_AGGRESSIVE;
				CLANG_WARN_UNREACHABLE_CODE = YES;
				CLANG_WARN__DUPLICATE_METHOD_MATCH = YES;
				COPY_PHASE_STRIP = NO;
				DEBUG_INFORMATION_FORMAT = "dwarf-with-dsym";
				ENABLE_NS_ASSERTIONS = NO;
				ENABLE_STRICT_OBJC_MSGSEND = YES;
				GCC_C_LANGUAGE_STANDARD = gnu11;
				GCC_NO_COMMON_BLOCKS = YES;
				GCC_WARN_64_TO_32_BIT_CONVERSION = YES;
				GCC_WARN_ABOUT_RETURN_TYPE = YES_ERROR;
				GCC_WARN_UNDECLARED_SELECTOR = YES;
				GCC_WARN_UNINITIALIZED_AUTOS = YES_AGGRESSIVE;
				GCC_WARN_UNUSED_FUNCTION = YES;
				GCC_WARN_UNUSED_VARIABLE = YES;
				IPHONEOS_DEPLOYMENT_TARGET = 15.5;
				MTL_ENABLE_DEBUG_INFO = NO;
				MTL_FAST_MATH = YES;
				SDKROOT = iphoneos;
				SWIFT_COMPILATION_MODE = wholemodule;
				SWIFT_OPTIMIZATION_LEVEL = "-O";
				VALIDATE_PRODUCT = YES;
			};
			name = Release;
		};
		CA1857A1284CBF860074D89C /* Debug */ = {
			isa = XCBuildConfiguration;
			buildSettings = {
				ASSETCATALOG_COMPILER_APPICON_NAME = AppIcon;
				ASSETCATALOG_COMPILER_GLOBAL_ACCENT_COLOR_NAME = AccentColor;
				CODE_SIGN_STYLE = Automatic;
				CURRENT_PROJECT_VERSION = 1;
				GENERATE_INFOPLIST_FILE = YES;
				INFOPLIST_FILE = sampleProject/Info.plist;
				INFOPLIST_KEY_UIApplicationSupportsIndirectInputEvents = YES;
				INFOPLIST_KEY_UILaunchStoryboardName = LaunchScreen;
				INFOPLIST_KEY_UISupportedInterfaceOrientations_iPad = "UIInterfaceOrientationPortrait UIInterfaceOrientationPortraitUpsideDown UIInterfaceOrientationLandscapeLeft UIInterfaceOrientationLandscapeRight";
				INFOPLIST_KEY_UISupportedInterfaceOrientations_iPhone = "UIInterfaceOrientationPortrait UIInterfaceOrientationLandscapeLeft UIInterfaceOrientationLandscapeRight";
				LD_RUNPATH_SEARCH_PATHS = (
					"$(inherited)",
					"@executable_path/Frameworks",
				);
				MARKETING_VERSION = 1.0;
				PRODUCT_BUNDLE_IDENTIFIER = com.jainam.sampleProject;
				PRODUCT_NAME = "$(TARGET_NAME)";
				SWIFT_EMIT_LOC_STRINGS = YES;
				SWIFT_VERSION = 5.0;
				TARGETED_DEVICE_FAMILY = "1,2";
			};
			name = Debug;
		};
		CA1857A2284CBF860074D89C /* Release */ = {
			isa = XCBuildConfiguration;
			buildSettings = {
				ASSETCATALOG_COMPILER_APPICON_NAME = AppIcon;
				ASSETCATALOG_COMPILER_GLOBAL_ACCENT_COLOR_NAME = AccentColor;
				CODE_SIGN_STYLE = Automatic;
				CURRENT_PROJECT_VERSION = 1;
				GENERATE_INFOPLIST_FILE = YES;
				INFOPLIST_FILE = sampleProject/Info.plist;
				INFOPLIST_KEY_UIApplicationSupportsIndirectInputEvents = YES;
				INFOPLIST_KEY_UILaunchStoryboardName = LaunchScreen;
				INFOPLIST_KEY_UISupportedInterfaceOrientations_iPad = "UIInterfaceOrientationPortrait UIInterfaceOrientationPortraitUpsideDown UIInterfaceOrientationLandscapeLeft UIInterfaceOrientationLandscapeRight";
				INFOPLIST_KEY_UISupportedInterfaceOrientations_iPhone = "UIInterfaceOrientationPortrait UIInterfaceOrientationLandscapeLeft UIInterfaceOrientationLandscapeRight";
				LD_RUNPATH_SEARCH_PATHS = (
					"$(inherited)",
					"@executable_path/Frameworks",
				);
				MARKETING_VERSION = 1.0;
				PRODUCT_BUNDLE_IDENTIFIER = com.jainam.sampleProject;
				PRODUCT_NAME = "$(TARGET_NAME)";
				SWIFT_EMIT_LOC_STRINGS = YES;
				SWIFT_VERSION = 5.0;
				TARGETED_DEVICE_FAMILY = "1,2";
			};
			name = Release;
		};
/* End XCBuildConfiguration section */

/* Begin XCConfigurationList section */
		CA185787284CBF850074D89C /* Build configuration list for PBXProject "sampleProject" */ = {
			isa = XCConfigurationList;
			buildConfigurations = (
				CA18579E284CBF860074D89C /* Debug */,
				CA18579F284CBF860074D89C /* Release */,
			);
			defaultConfigurationIsVisible = 0;
			defaultConfigurationName = Release;
		};
		CA1857A0284CBF860074D89C /* Build configuration list for PBXNativeTarget "sampleProject" */ = {
			isa = XCConfigurationList;
			buildConfigurations = (
				CA1857A1284CBF860074D89C /* Debug */,
				CA1857A2284CBF860074D89C /* Release */,
			);
			defaultConfigurationIsVisible = 0;
			defaultConfigurationName = Release;
		};
/* End XCConfigurationList section */
	};
	rootObject = CA185784284CBF850074D89C /* Project object */;
}
